
Microsoft Visual Studio Solution File, Format Version 12.00
# Visual Studio Version 16
VisualStudioVersion = 16.0.31424.327
MinimumVisualStudioVersion = 10.0.40219.1
Project("{8BC9CEB8-8B4A-11D0-8D11-00A0C91BC942}") = "netco", "netco.vcxproj", "{FC69CB43-2B2C-446B-8ABB-77C5F3483624}"
EndProject
Project("{8BC9CEB8-8B4A-11D0-8D11-00A0C91BC942}") = "test", "..\test\test.vcxproj", "{1AF9C391-02AE-472C-AF11-F81A235187BB}"
EndProject
Global
	GlobalSection(SolutionConfigurationPlatforms) = preSolution
		Debug|ARM = Debug|ARM
		Debug|ARM64 = Debug|ARM64
		Debug|x64 = Debug|x64
		Debug|x86 = Debug|x86
		Release|ARM = Release|ARM
		Release|ARM64 = Release|ARM64
		Release|x64 = Release|x64
		Release|x86 = Release|x86
	EndGlobalSection
	GlobalSection(ProjectConfigurationPlatforms) = postSolution
		{FC69CB43-2B2C-446B-8ABB-77C5F3483624}.Debug|ARM.ActiveCfg = Debug|ARM
		{FC69CB43-2B2C-446B-8ABB-77C5F3483624}.Debug|ARM.Build.0 = Debug|ARM
		{FC69CB43-2B2C-446B-8ABB-77C5F3483624}.Debug|ARM.Deploy.0 = Debug|ARM
		{FC69CB43-2B2C-446B-8ABB-77C5F3483624}.Debug|ARM64.ActiveCfg = Debug|ARM64
		{FC69CB43-2B2C-446B-8ABB-77C5F3483624}.Debug|ARM64.Build.0 = Debug|ARM64
		{FC69CB43-2B2C-446B-8ABB-77C5F3483624}.Debug|ARM64.Deploy.0 = Debug|ARM64
		{FC69CB43-2B2C-446B-8ABB-77C5F3483624}.Debug|x64.ActiveCfg = Debug|x64
		{FC69CB43-2B2C-446B-8ABB-77C5F3483624}.Debug|x64.Build.0 = Debug|x64
		{FC69CB43-2B2C-446B-8ABB-77C5F3483624}.Debug|x64.Deploy.0 = Debug|x64
		{FC69CB43-2B2C-446B-8ABB-77C5F3483624}.Debug|x86.ActiveCfg = Debug|x86
		{FC69CB43-2B2C-446B-8ABB-77C5F3483624}.Debug|x86.Build.0 = Debug|x86
		{FC69CB43-2B2C-446B-8ABB-77C5F3483624}.Debug|x86.Deploy.0 = Debug|x86
		{FC69CB43-2B2C-446B-8ABB-77C5F3483624}.Release|ARM.ActiveCfg = Release|ARM
		{FC69CB43-2B2C-446B-8ABB-77C5F3483624}.Release|ARM.Build.0 = Release|ARM
		{FC69CB43-2B2C-446B-8ABB-77C5F3483624}.Release|ARM.Deploy.0 = Release|ARM
		{FC69CB43-2B2C-446B-8ABB-77C5F3483624}.Release|ARM64.ActiveCfg = Release|ARM64
		{FC69CB43-2B2C-446B-8ABB-77C5F3483624}.Release|ARM64.Build.0 = Release|ARM64
		{FC69CB43-2B2C-446B-8ABB-77C5F3483624}.Release|ARM64.Deploy.0 = Release|ARM64
		{FC69CB43-2B2C-446B-8ABB-77C5F3483624}.Release|x64.ActiveCfg = Release|x64
		{FC69CB43-2B2C-446B-8ABB-77C5F3483624}.Release|x64.Build.0 = Release|x64
		{FC69CB43-2B2C-446B-8ABB-77C5F3483624}.Release|x64.Deploy.0 = Release|x64
		{FC69CB43-2B2C-446B-8ABB-77C5F3483624}.Release|x86.ActiveCfg = Release|x86
		{FC69CB43-2B2C-446B-8ABB-77C5F3483624}.Release|x86.Build.0 = Release|x86
		{FC69CB43-2B2C-446B-8ABB-77C5F3483624}.Release|x86.Deploy.0 = Release|x86
		{1AF9C391-02AE-472C-AF11-F81A235187BB}.Debug|ARM.ActiveCfg = Debug|ARM
		{1AF9C391-02AE-472C-AF11-F81A235187BB}.Debug|ARM.Build.0 = Debug|ARM
		{1AF9C391-02AE-472C-AF11-F81A235187BB}.Debug|ARM.Deploy.0 = Debug|ARM
		{1AF9C391-02AE-472C-AF11-F81A235187BB}.Debug|ARM64.ActiveCfg = Debug|ARM64
		{1AF9C391-02AE-472C-AF11-F81A235187BB}.Debug|ARM64.Build.0 = Debug|ARM64
		{1AF9C391-02AE-472C-AF11-F81A235187BB}.Debug|ARM64.Deploy.0 = Debug|ARM64
		{1AF9C391-02AE-472C-AF11-F81A235187BB}.Debug|x64.ActiveCfg = Debug|x64
		{1AF9C391-02AE-472C-AF11-F81A235187BB}.Debug|x64.Build.0 = Debug|x64
		{1AF9C391-02AE-472C-AF11-F81A235187BB}.Debug|x64.Deploy.0 = Debug|x64
		{1AF9C391-02AE-472C-AF11-F81A235187BB}.Debug|x86.ActiveCfg = Debug|x86
		{1AF9C391-02AE-472C-AF11-F81A235187BB}.Debug|x86.Build.0 = Debug|x86
		{1AF9C391-02AE-472C-AF11-F81A235187BB}.Debug|x86.Deploy.0 = Debug|x86
		{1AF9C391-02AE-472C-AF11-F81A235187BB}.Release|ARM.ActiveCfg = Release|ARM
		{1AF9C391-02AE-472C-AF11-F81A235187BB}.Release|ARM.Build.0 = Release|ARM
		{1AF9C391-02AE-472C-AF11-F81A235187BB}.Release|ARM.Deploy.0 = Release|ARM
		{1AF9C391-02AE-472C-AF11-F81A235187BB}.Release|ARM64.ActiveCfg = Release|ARM64
		{1AF9C391-02AE-472C-AF11-F81A235187BB}.Release|ARM64.Build.0 = Release|ARM64
		{1AF9C391-02AE-472C-AF11-F81A235187BB}.Release|ARM64.Deploy.0 = Release|ARM64
		{1AF9C391-02AE-472C-AF11-F81A235187BB}.Release|x64.ActiveCfg = Release|x64
		{1AF9C391-02AE-472C-AF11-F81A235187BB}.Release|x64.Build.0 = Release|x64
		{1AF9C391-02AE-472C-AF11-F81A235187BB}.Release|x64.Deploy.0 = Release|x64
		{1AF9C391-02AE-472C-AF11-F81A235187BB}.Release|x86.ActiveCfg = Release|x86
		{1AF9C391-02AE-472C-AF11-F81A235187BB}.Release|x86.Build.0 = Release|x86
		{1AF9C391-02AE-472C-AF11-F81A235187BB}.Release|x86.Deploy.0 = Release|x86
	EndGlobalSection
	GlobalSection(SolutionProperties) = preSolution
		HideSolutionNode = FALSE
	EndGlobalSection
	GlobalSection(ExtensibilityGlobals) = postSolution
		SolutionGuid = {733068E3-A8F5-4969-955A-E1F213E12AC1}
	EndGlobalSection
EndGlobal
